Microsoft Visual Studio Solution File, Format Version 12.00
# Visual Studio Version 17
VisualStudioVersion = 17.5.2.0
MinimumVisualStudioVersion = 10.0.40219.1
Project("{FAE04EC0-301F-11D3-BF4B-00C04F79EFBC}") = "vm-test", "vm-test.csproj", "{87F17681-1780-CC3A-11A5-30248E15448C}"
EndProject
Global
	GlobalSection(SolutionConfigurationPlatforms) = preSolution
		Debug|Any CPU = Debug|Any CPU
		Release|Any CPU = Release|Any CPU
	EndGlobalSection
	GlobalSection(ProjectConfigurationPlatforms) = postSolution
		{87F17681-1780-CC3A-11A5-30248E15448C}.Debug|Any CPU.ActiveCfg = Debug|Any CPU
		{87F17681-1780-CC3A-11A5-30248E15448C}.Debug|Any CPU.Build.0 = Debug|Any CPU
		{87F17681-1780-CC3A-11A5-30248E15448C}.Release|Any CPU.ActiveCfg = Release|Any CPU
		{87F17681-1780-CC3A-11A5-30248E15448C}.Release|Any CPU.Build.0 = Release|Any CPU
	EndGlobalSection
	GlobalSection(SolutionProperties) = preSolution
		HideSolutionNode = FALSE
	EndGlobalSection
	GlobalSection(ExtensibilityGlobals) = postSolution
		SolutionGuid = {C9255EF5-F90C-47D3-A899-ED4712B463CA}
	EndGlobalSection
EndGlobal
